Microsoft Visual Studio Solution File, Format Version 12.00
# Visual Studio 15
VisualStudioVersion = 15.0.28307.572
MinimumVisualStudioVersion = 10.0.40219.1
Project("{8BC9CEB8-8B4A-11D0-8D11-00A0C91BC942}") = "ConvolutionReverb_StandalonePlugin", "ConvolutionReverb_StandalonePlugin.vcxproj", "{9FD176A6-FDE4-947F-35C5-DC3FCE3E8412}"
	ProjectSection(ProjectDependencies) = postProject
		{B657A366-C490-F5E1-9F8A-996550439F96} = {B657A366-C490-F5E1-9F8A-996550439F96}
	EndProjectSection
EndProject
Project("{8BC9CEB8-8B4A-11D0-8D11-00A0C91BC942}") = "ConvolutionReverb_VST3", "ConvolutionReverb_VST3.vcxproj", "{7990837A-9A68-2E07-A260-A1F6D36A5687}"
	ProjectSection(ProjectDependencies) = postProject
		{B657A366-C490-F5E1-9F8A-996550439F96} = {B657A366-C490-F5E1-9F8A-996550439F96}
	EndProjectSection
EndProject
Project("{8BC9CEB8-8B4A-11D0-8D11-00A0C91BC942}") = "ConvolutionReverb_SharedCode", "ConvolutionReverb_SharedCode.vcxproj", "{B657A366-C490-F5E1-9F8A-996550439F96}"
EndProject
Project("{8BC9CEB8-8B4A-11D0-8D11-00A0C91BC942}") = "CudaTest", "..\CudaTest\CudaTest.vcxproj", "{979172B4-3EFB-40E6-88C5-048853D2B5A9}"
	ProjectSection(ProjectDependencies) = postProject
		{B657A366-C490-F5E1-9F8A-996550439F96} = {B657A366-C490-F5E1-9F8A-996550439F96}
	EndProjectSection
EndProject
Global
	GlobalSection(SolutionConfigurationPlatforms) = preSolution
		Debug|x64 = Debug|x64
		Debug|x86 = Debug|x86
		Release|x64 = Release|x64
		Release|x86 = Release|x86
	EndGlobalSection
	GlobalSection(ProjectConfigurationPlatforms) = postSolution
		{9FD176A6-FDE4-947F-35C5-DC3FCE3E8412}.Debug|x64.ActiveCfg = Debug|x64
		{9FD176A6-FDE4-947F-35C5-DC3FCE3E8412}.Debug|x64.Build.0 = Debug|x64
		{9FD176A6-FDE4-947F-35C5-DC3FCE3E8412}.Debug|x86.ActiveCfg = Debug|x64
		{9FD176A6-FDE4-947F-35C5-DC3FCE3E8412}.Release|x64.ActiveCfg = Release|x64
		{9FD176A6-FDE4-947F-35C5-DC3FCE3E8412}.Release|x64.Build.0 = Release|x64
		{9FD176A6-FDE4-947F-35C5-DC3FCE3E8412}.Release|x86.ActiveCfg = Release|x64
		{7990837A-9A68-2E07-A260-A1F6D36A5687}.Debug|x64.ActiveCfg = Debug|x64
		{7990837A-9A68-2E07-A260-A1F6D36A5687}.Debug|x64.Build.0 = Debug|x64
		{7990837A-9A68-2E07-A260-A1F6D36A5687}.Debug|x86.ActiveCfg = Debug|x64
		{7990837A-9A68-2E07-A260-A1F6D36A5687}.Release|x64.ActiveCfg = Release|x64
		{7990837A-9A68-2E07-A260-A1F6D36A5687}.Release|x64.Build.0 = Release|x64
		{7990837A-9A68-2E07-A260-A1F6D36A5687}.Release|x86.ActiveCfg = Release|x64
		{B657A366-C490-F5E1-9F8A-996550439F96}.Debug|x64.ActiveCfg = Debug|x64
		{B657A366-C490-F5E1-9F8A-996550439F96}.Debug|x64.Build.0 = Debug|x64
		{B657A366-C490-F5E1-9F8A-996550439F96}.Debug|x86.ActiveCfg = Debug|x64
		{B657A366-C490-F5E1-9F8A-996550439F96}.Release|x64.ActiveCfg = Release|x64
		{B657A366-C490-F5E1-9F8A-996550439F96}.Release|x64.Build.0 = Release|x64
		{B657A366-C490-F5E1-9F8A-996550439F96}.Release|x86.ActiveCfg = Release|x64
		{979172B4-3EFB-40E6-88C5-048853D2B5A9}.Debug|x64.ActiveCfg = Debug|x64
		{979172B4-3EFB-40E6-88C5-048853D2B5A9}.Debug|x64.Build.0 = Debug|x64
		{979172B4-3EFB-40E6-88C5-048853D2B5A9}.Debug|x86.ActiveCfg = Debug|Win32
		{979172B4-3EFB-40E6-88C5-048853D2B5A9}.Debug|x86.Build.0 = Debug|Win32
		{979172B4-3EFB-40E6-88C5-048853D2B5A9}.Release|x64.ActiveCfg = Release|x64
		{979172B4-3EFB-40E6-88C5-048853D2B5A9}.Release|x64.Build.0 = Release|x64
		{979172B4-3EFB-40E6-88C5-048853D2B5A9}.Release|x86.ActiveCfg = Release|Win32
		{979172B4-3EFB-40E6-88C5-048853D2B5A9}.Release|x86.Build.0 = Release|Win32
	EndGlobalSection
	GlobalSection(SolutionProperties) = preSolution
		HideSolutionNode = FALSE
	EndGlobalSection
	GlobalSection(ExtensibilityGlobals) = postSolution
		SolutionGuid = {CBF65CE5-29A9-45D5-8EBF-4CCB33889FD5}
	EndGlobalSection
EndGlobal
